
Microsoft Visual Studio Solution File, Format Version 12.00
# Visual Studio Version 17
VisualStudioVersion = 17.6.33829.357
MinimumVisualStudioVersion = 10.0.40219.1
Project("{FAE04EC0-301F-11D3-BF4B-00C04F79EFBC}") = "Parametre-Deger", "Parametre-Deger\Parametre-Deger.csproj", "{79A6A237-8D27-4F4B-9A92-33D9B3CC57F6}"
EndProject
Global
	GlobalSection(SolutionConfigurationPlatforms) = preSolution
		Debug|Any CPU = Debug|Any CPU
		Release|Any CPU = Release|Any CPU
	EndGlobalSection
	GlobalSection(ProjectConfigurationPlatforms) = postSolution
		{79A6A237-8D27-4F4B-9A92-33D9B3CC57F6}.Debug|Any CPU.ActiveCfg = Debug|Any CPU
		{79A6A237-8D27-4F4B-9A92-33D9B3CC57F6}.Debug|Any CPU.Build.0 = Debug|Any CPU
		{79A6A237-8D27-4F4B-9A92-33D9B3CC57F6}.Release|Any CPU.ActiveCfg = Release|Any CPU
		{79A6A237-8D27-4F4B-9A92-33D9B3CC57F6}.Release|Any CPU.Build.0 = Release|Any CPU
	EndGlobalSection
	GlobalSection(SolutionProperties) = preSolution
		HideSolutionNode = FALSE
	EndGlobalSection
	GlobalSection(ExtensibilityGlobals) = postSolution
		SolutionGuid = {E511A3B2-E422-4896-9131-5313B2510880}
	EndGlobalSection
EndGlobal
